
Microsoft Visual Studio Solution File, Format Version 10.00
# Visual Studio 2008
Project("{FAE04EC0-301F-11D3-BF4B-00C04F79EFBC}") = "EALNoSpellCheck", "EALNoSpellCheck.csproj", "{A6E79E41-136B-4839-A9D8-62EA4E552B63}"
EndProject
Global
	GlobalSection(SolutionConfigurationPlatforms) = preSolution
		Debug|Any CPU = Debug|Any CPU
		Release|Any CPU = Release|Any CPU
	EndGlobalSection
	GlobalSection(ProjectConfigurationPlatforms) = postSolution
		{A6E79E41-136B-4839-A9D8-62EA4E552B63}.Debug|Any CPU.ActiveCfg = Debug|Any CPU
		{A6E79E41-136B-4839-A9D8-62EA4E552B63}.Debug|Any CPU.Build.0 = Debug|Any CPU
		{A6E79E41-136B-4839-A9D8-62EA4E552B63}.Release|Any CPU.ActiveCfg = Release|Any CPU
		{A6E79E41-136B-4839-A9D8-62EA4E552B63}.Release|Any CPU.Build.0 = Release|Any CPU
	EndGlobalSection
	GlobalSection(MonoDevelopProperties) = preSolution
		StartupItem = EALNoSpellCheck.csproj
	EndGlobalSection
EndGlobal
